{
  "lockfileVersion": 1,
  "workspaces": {
    "": {
      "name": "processor",
      "dependencies": {
        "@prisma/client": "^6.10.1",
        "kafkajs": "^2.2.4",
      },
    },
  },
  "packages": {
    "@prisma/client": ["@prisma/client@6.10.1", "", { "peerDependencies": { "prisma": "*", "typescript": ">=5.1.0" }, "optionalPeers": ["prisma", "typescript"] }, "sha512-Re4pMlcUsQsUTAYMK7EJ4Bw2kg3WfZAAlr8GjORJaK4VOP6LxRQUQ1TuLnxcF42XqGkWQ36q5CQF1yVadANQ6w=="],

    "kafkajs": ["kafkajs@2.2.4", "", {}, "sha512-j/YeapB1vfPT2iOIUn/vxdyKEuhuY2PxMBvf5JWux6iSaukAccrMtXEY/Lb7OvavDhOWME589bpLrEdnVHjfjA=="],
  }
}
